// !$*UTF8*$!
{
	archiveVersion = 1;
	classes = {
	};
	objectVersion = 56;
	objects = {

/* Begin PBXBuildFile section */
		9994A24F2ACEF4CD00CC8F67 /* asd in Resources */ = {isa = PBXBuildFile; fileRef = 9994A24E2ACEF4CD00CC8F67 /* asd */; };
		99DA632D2AC6DC8B00757436 /* celalTest1App.swift in Sources */ = {isa = PBXBuildFile; fileRef = 99DA632C2AC6DC8B00757436 /* celalTest1App.swift */; };
		99DA632F2AC6DC8B00757436 /* ContentView.swift in Sources */ = {isa = PBXBuildFile; fileRef = 99DA632E2AC6DC8B00757436 /* ContentView.swift */; };
		99DA63312AC6DC8D00757436 /* Assets.xcassets in Resources */ = {isa = PBXBuildFile; fileRef = 99DA63302AC6DC8D00757436 /* Assets.xcassets */; };
		99DA63342AC6DC8D00757436 /* Preview Assets.xcassets in Resources */ = {isa = PBXBuildFile; fileRef = 99DA63332AC6DC8D00757436 /* Preview Assets.xcassets */; };
		99DA633E2AC6DC8E00757436 /* celalTest1Tests.swift in Sources */ = {isa = PBXBuildFile; fileRef = 99DA633D2AC6DC8E00757436 /* celalTest1Tests.swift */; };
		99DA63482AC6DC8E00757436 /* celalTest1UITests.swift in Sources */ = {isa = PBXBuildFile; fileRef = 99DA63472AC6DC8E00757436 /* celalTest1UITests.swift */; };
		99DA634A2AC6DC8E00757436 /* celalTest1UITestsLaunchTests.swift in Sources */ = {isa = PBXBuildFile; fileRef = 99DA63492AC6DC8E00757436 /* celalTest1UITestsLaunchTests.swift */; };
		99FF49CC2ACC5B5400AC9819 /* weatherButton.swift in Sources */ = {isa = PBXBuildFile; fileRef = 99FF49CB2ACC5B5400AC9819 /* weatherButton.swift */; };
/* End PBXBuildFile section */

/* Begin PBXContainerItemProxy section */
		99DA633A2AC6DC8E00757436 /* PBXContainerItemProxy */ = {
			isa = PBXContainerItemProxy;
			containerPortal = 99DA63212AC6DC8B00757436 /* Project object */;
			proxyType = 1;
			remoteGlobalIDString = 99DA63282AC6DC8B00757436;
			remoteInfo = celalTest1;
		};
		99DA63442AC6DC8E00757436 /* PBXContainerItemProxy */ = {
			isa = PBXContainerItemProxy;
			containerPortal = 99DA63212AC6DC8B00757436 /* Project object */;
			proxyType = 1;
			remoteGlobalIDString = 99DA63282AC6DC8B00757436;
			remoteInfo = celalTest1;
		};
/* End PBXContainerItemProxy section */

/* Begin PBXFileReference section */
		9994A24E2ACEF4CD00CC8F67 /* asd */ = {isa = PBXFileReference; lastKnownFileType = text; path = asd; sourceTree = "<group>"; };
		99DA63292AC6DC8B00757436 /* celalTest1.app */ = {isa = PBXFileReference; explicitFileType = wrapper.application; includeInIndex = 0; path = celalTest1.app; sourceTree = BUILT_PRODUCTS_DIR; };
		99DA632C2AC6DC8B00757436 /* celalTest1App.swift */ = {isa = PBXFileReference; lastKnownFileType = sourcecode.swift; path = celalTest1App.swift; sourceTree = "<group>"; };
		99DA632E2AC6DC8B00757436 /* ContentView.swift */ = {isa = PBXFileReference; lastKnownFileType = sourcecode.swift; path = ContentView.swift; sourceTree = "<group>"; };
		99DA63302AC6DC8D00757436 /* Assets.xcassets */ = {isa = PBXFileReference; lastKnownFileType = folder.assetcatalog; path = Assets.xcassets; sourceTree = "<group>"; };
		99DA63332AC6DC8D00757436 /* Preview Assets.xcassets */ = {isa = PBXFileReference; lastKnownFileType = folder.assetcatalog; path = "Preview Assets.xcassets"; sourceTree = "<group>"; };
		99DA63392AC6DC8E00757436 /* celalTest1Tests.xctest */ = {isa = PBXFileReference; explicitFileType = wrapper.cfbundle; includeInIndex = 0; path = celalTest1Tests.xctest; sourceTree = BUILT_PRODUCTS_DIR; };
		99DA633D2AC6DC8E00757436 /* celalTest1Tests.swift */ = {isa = PBXFileReference; lastKnownFileType = sourcecode.swift; path = celalTest1Tests.swift; sourceTree = "<group>"; };
		99DA63432AC6DC8E00757436 /* celalTest1UITests.xctest */ = {isa = PBXFileReference; explicitFileType = wrapper.cfbundle; includeInIndex = 0; path = celalTest1UITests.xctest; sourceTree = BUILT_PRODUCTS_DIR; };
		99DA63472AC6DC8E00757436 /* celalTest1UITests.swift */ = {isa = PBXFileReference; lastKnownFileType = sourcecode.swift; path = celalTest1UITests.swift; sourceTree = "<group>"; };
		99DA63492AC6DC8E00757436 /* celalTest1UITestsLaunchTests.swift */ = {isa = PBXFileReference; lastKnownFileType = sourcecode.swift; path = celalTest1UITestsLaunchTests.swift; sourceTree = "<group>"; };
		99FF49CB2ACC5B5400AC9819 /* weatherButton.swift */ = {isa = PBXFileReference; lastKnownFileType = sourcecode.swift; path = weatherButton.swift; sourceTree = "<group>"; };
/* End PBXFileReference section */

/* Begin PBXFrameworksBuildPhase section */
		99DA63262AC6DC8B00757436 /* Frameworks */ = {
			isa = PBXFrameworksBuildPhase;
			buildActionMask = 2147483647;
			files = (
			);
			runOnlyForDeploymentPostprocessing = 0;
		};
		99DA63362AC6DC8E00757436 /* Frameworks */ = {
			isa = PBXFrameworksBuildPhase;
			buildActionMask = 2147483647;
			files = (
			);
			runOnlyForDeploymentPostprocessing = 0;
		};
		99DA63402AC6DC8E00757436 /* Frameworks */ = {
			isa = PBXFrameworksBuildPhase;
			buildActionMask = 2147483647;
			files = (
			);
			runOnlyForDeploymentPostprocessing = 0;
		};
/* End PBXFrameworksBuildPhase section */

/* Begin PBXGroup section */
		99DA63202AC6DC8B00757436 = {
			isa = PBXGroup;
			children = (
				99DA632B2AC6DC8B00757436 /* celalTest1 */,
				99DA633C2AC6DC8E00757436 /* celalTest1Tests */,
				99DA63462AC6DC8E00757436 /* celalTest1UITests */,
				99DA632A2AC6DC8B00757436 /* Products */,
			);
			sourceTree = "<group>";
		};
		99DA632A2AC6DC8B00757436 /* Products */ = {
			isa = PBXGroup;
			children = (
				99DA63292AC6DC8B00757436 /* celalTest1.app */,
				99DA63392AC6DC8E00757436 /* celalTest1Tests.xctest */,
				99DA63432AC6DC8E00757436 /* celalTest1UITests.xctest */,
			);
			name = Products;
			sourceTree = "<group>";
		};
		99DA632B2AC6DC8B00757436 /* celalTest1 */ = {
			isa = PBXGroup;
			children = (
				99DA632C2AC6DC8B00757436 /* celalTest1App.swift */,
				99DA632E2AC6DC8B00757436 /* ContentView.swift */,
				99FF49CB2ACC5B5400AC9819 /* weatherButton.swift */,
				99DA63302AC6DC8D00757436 /* Assets.xcassets */,
				99DA63322AC6DC8D00757436 /* Preview Content */,
				9994A24E2ACEF4CD00CC8F67 /* asd */,
			);
			path = celalTest1;
			sourceTree = "<group>";
		};
		99DA63322AC6DC8D00757436 /* Preview Content */ = {
			isa = PBXGroup;
			children = (
				99DA63332AC6DC8D00757436 /* Preview Assets.xcassets */,
			);
			path = "Preview Content";
			sourceTree = "<group>";
		};
		99DA633C2AC6DC8E00757436 /* celalTest1Tests */ = {
			isa = PBXGroup;
			children = (
				99DA633D2AC6DC8E00757436 /* celalTest1Tests.swift */,
			);
			path = celalTest1Tests;
			sourceTree = "<group>";
		};
		99DA63462AC6DC8E00757436 /* celalTest1UITests */ = {
			isa = PBXGroup;
			children = (
				99DA63472AC6DC8E00757436 /* celalTest1UITests.swift */,
				99DA63492AC6DC8E00757436 /* celalTest1UITestsLaunchTests.swift */,
			);
			path = celalTest1UITests;
			sourceTree = "<group>";
		};
/* End PBXGroup section */

/* Begin PBXNativeTarget section */
		99DA63282AC6DC8B00757436 /* celalTest1 */ = {
			isa = PBXNativeTarget;
			buildConfigurationList = 99DA634D2AC6DC8E00757436 /* Build configuration list for PBXNativeTarget "celalTest1" */;
			buildPhases = (
				99DA63252AC6DC8B00757436 /* Sources */,
				99DA63262AC6DC8B00757436 /* Frameworks */,
				99DA63272AC6DC8B00757436 /* Resources */,
			);
			buildRules = (
			);
			dependencies = (
			);
			name = celalTest1;
			productName = celalTest1;
			productReference = 99DA63292AC6DC8B00757436 /* celalTest1.app */;
			productType = "com.apple.product-type.application";
		};
		99DA63382AC6DC8E00757436 /* celalTest1Tests */ = {
			isa = PBXNativeTarget;
			buildConfigurationList = 99DA63502AC6DC8E00757436 /* Build configuration list for PBXNativeTarget "celalTest1Tests" */;
			buildPhases = (
				99DA63352AC6DC8E00757436 /* Sources */,
				99DA63362AC6DC8E00757436 /* Frameworks */,
				99DA63372AC6DC8E00757436 /* Resources */,
			);
			buildRules = (
			);
			dependencies = (
				99DA633B2AC6DC8E00757436 /* PBXTargetDependency */,
			);
			name = celalTest1Tests;
			productName = celalTest1Tests;
			productReference = 99DA63392AC6DC8E00757436 /* celalTest1Tests.xctest */;
			productType = "com.apple.product-type.bundle.unit-test";
		};
		99DA63422AC6DC8E00757436 /* celalTest1UITests */ = {
			isa = PBXNativeTarget;
			buildConfigurationList = 99DA63532AC6DC8E00757436 /* Build configuration list for PBXNativeTarget "celalTest1UITests" */;
			buildPhases = (
				99DA633F2AC6DC8E00757436 /* Sources */,
				99DA63402AC6DC8E00757436 /* Frameworks */,
				99DA63412AC6DC8E00757436 /* Resources */,
			);
			buildRules = (
			);
			dependencies = (
				99DA63452AC6DC8E00757436 /* PBXTargetDependency */,
			);
			name = celalTest1UITests;
			productName = celalTest1UITests;
			productReference = 99DA63432AC6DC8E00757436 /* celalTest1UITests.xctest */;
			productType = "com.apple.product-type.bundle.ui-testing";
		};
/* End PBXNativeTarget section */

/* Begin PBXProject section */
		99DA63212AC6DC8B00757436 /* Project object */ = {
			isa = PBXProject;
			attributes = {
				BuildIndependentTargetsInParallel = 1;
				LastSwiftUpdateCheck = 1420;
				LastUpgradeCheck = 1420;
				TargetAttributes = {
					99DA63282AC6DC8B00757436 = {
						CreatedOnToolsVersion = 14.2;
					};
					99DA63382AC6DC8E00757436 = {
						CreatedOnToolsVersion = 14.2;
						TestTargetID = 99DA63282AC6DC8B00757436;
					};
					99DA63422AC6DC8E00757436 = {
						CreatedOnToolsVersion = 14.2;
						TestTargetID = 99DA63282AC6DC8B00757436;
					};
				};
			};
			buildConfigurationList = 99DA63242AC6DC8B00757436 /* Build configuration list for PBXProject "celalTest1" */;
			compatibilityVersion = "Xcode 14.0";
			developmentRegion = en;
			hasScannedForEncodings = 0;
			knownRegions = (
				en,
				Base,
			);
			mainGroup = 99DA63202AC6DC8B00757436;
			productRefGroup = 99DA632A2AC6DC8B00757436 /* Products */;
			projectDirPath = "";
			projectRoot = "";
			targets = (
				99DA63282AC6DC8B00757436 /* celalTest1 */,
				99DA63382AC6DC8E00757436 /* celalTest1Tests */,
				99DA63422AC6DC8E00757436 /* celalTest1UITests */,
			);
		};
/* End PBXProject section */

/* Begin PBXResourcesBuildPhase section */
		99DA63272AC6DC8B00757436 /* Resources */ = {
			isa = PBXResourcesBuildPhase;
			buildActionMask = 2147483647;
			files = (
				9994A24F2ACEF4CD00CC8F67 /* asd in Resources */,
				99DA63342AC6DC8D00757436 /* Preview Assets.xcassets in Resources */,
				99DA63312AC6DC8D00757436 /* Assets.xcassets in Resources */,
			);
			runOnlyForDeploymentPostprocessing = 0;
		};
		99DA63372AC6DC8E00757436 /* Resources */ = {
			isa = PBXResourcesBuildPhase;
			buildActionMask = 2147483647;
			files = (
			);
			runOnlyForDeploymentPostprocessing = 0;
		};
		99DA63412AC6DC8E00757436 /* Resources */ = {
			isa = PBXResourcesBuildPhase;
			buildActionMask = 2147483647;
			files = (
			);
			runOnlyForDeploymentPostprocessing = 0;
		};
/* End PBXResourcesBuildPhase section */

/* Begin PBXSourcesBuildPhase section */
		99DA63252AC6DC8B00757436 /* Sources */ = {
			isa = PBXSourcesBuildPhase;
			buildActionMask = 2147483647;
			files = (
				99FF49CC2ACC5B5400AC9819 /* weatherButton.swift in Sources */,
				99DA632F2AC6DC8B00757436 /* ContentView.swift in Sources */,
				99DA632D2AC6DC8B00757436 /* celalTest1App.swift in Sources */,
			);
			runOnlyForDeploymentPostprocessing = 0;
		};
		99DA63352AC6DC8E00757436 /* Sources */ = {
			isa = PBXSourcesBuildPhase;
			buildActionMask = 2147483647;
			files = (
				99DA633E2AC6DC8E00757436 /* celalTest1Tests.swift in Sources */,
			);
			runOnlyForDeploymentPostprocessing = 0;
		};
		99DA633F2AC6DC8E00757436 /* Sources */ = {
			isa = PBXSourcesBuildPhase;
			buildActionMask = 2147483647;
			files = (
				99DA634A2AC6DC8E00757436 /* celalTest1UITestsLaunchTests.swift in Sources */,
				99DA63482AC6DC8E00757436 /* celalTest1UITests.swift in Sources */,
			);
			runOnlyForDeploymentPostprocessing = 0;
		};
/* End PBXSourcesBuildPhase section */

/* Begin PBXTargetDependency section */
		99DA633B2AC6DC8E00757436 /* PBXTargetDependency */ = {
			isa = PBXTargetDependency;
			target = 99DA63282AC6DC8B00757436 /* celalTest1 */;
			targetProxy = 99DA633A2AC6DC8E00757436 /* PBXContainerItemProxy */;
		};
		99DA63452AC6DC8E00757436 /* PBXTargetDependency */ = {
			isa = PBXTargetDependency;
			target = 99DA63282AC6DC8B00757436 /* celalTest1 */;
			targetProxy = 99DA63442AC6DC8E00757436 /* PBXContainerItemProxy */;
		};
/* End PBXTargetDependency section */

/* Begin XCBuildConfiguration section */
		99DA634B2AC6DC8E00757436 /* Debug */ = {
			isa = XCBuildConfiguration;
			buildSettings = {
				ALWAYS_SEARCH_USER_PATHS = NO;
				CLANG_ANALYZER_NONNULL = YES;
				CLANG_ANALYZER_NUMBER_OBJECT_CONVERSION = YES_AGGRESSIVE;
				CLANG_CXX_LANGUAGE_STANDARD = "gnu++20";
				CLANG_ENABLE_MODULES = YES;
				CLANG_ENABLE_OBJC_ARC = YES;
				CLANG_ENABLE_OBJC_WEAK = YES;
				CLANG_WARN_BLOCK_CAPTURE_AUTORELEASING = YES;
				CLANG_WARN_BOOL_CONVERSION = YES;
				CLANG_WARN_COMMA = YES;
				CLANG_WARN_CONSTANT_CONVERSION = YES;
				CLANG_WARN_DEPRECATED_OBJC_IMPLEMENTATIONS = YES;
				CLANG_WARN_DIRECT_OBJC_ISA_USAGE = YES_ERROR;
				CLANG_WARN_DOCUMENTATION_COMMENTS = YES;
				CLANG_WARN_EMPTY_BODY = YES;
				CLANG_WARN_ENUM_CONVERSION = YES;
				CLANG_WARN_INFINITE_RECURSION = YES;
				CLANG_WARN_INT_CONVERSION = YES;
				CLANG_WARN_NON_LITERAL_NULL_CONVERSION = YES;
				CLANG_WARN_OBJC_IMPLICIT_RETAIN_SELF = YES;
				CLANG_WARN_OBJC_LITERAL_CONVERSION = YES;
				CLANG_WARN_OBJC_ROOT_CLASS = YES_ERROR;
				CLANG_WARN_QUOTED_INCLUDE_IN_FRAMEWORK_HEADER = YES;
				CLANG_WARN_RANGE_LOOP_ANALYSIS = YES;
				CLANG_WARN_STRICT_PROTOTYPES = YES;
				CLANG_WARN_SUSPICIOUS_MOVE = YES;
				CLANG_WARN_UNGUARDED_AVAILABILITY = YES_AGGRESSIVE;
				CLANG_WARN_UNREACHABLE_CODE = YES;
				CLANG_WARN__DUPLICATE_METHOD_MATCH = YES;
				COPY_PHASE_STRIP = NO;
				DEBUG_INFORMATION_FORMAT = dwarf;
				ENABLE_STRICT_OBJC_MSGSEND = YES;
				ENABLE_TESTABILITY = YES;
				GCC_C_LANGUAGE_STANDARD = gnu11;
				GCC_DYNAMIC_NO_PIC = NO;
				GCC_NO_COMMON_BLOCKS = YES;
				GCC_OPTIMIZATION_LEVEL = 0;
				GCC_PREPROCESSOR_DEFINITIONS = (
					"DEBUG=1",
					"$(inherited)",
				);
				GCC_WARN_64_TO_32_BIT_CONVERSION = YES;
				GCC_WARN_ABOUT_RETURN_TYPE = YES_ERROR;
				GCC_WARN_UNDECLARED_SELECTOR = YES;
				GCC_WARN_UNINITIALIZED_AUTOS = YES_AGGRESSIVE;
				GCC_WARN_UNUSED_FUNCTION = YES;
				GCC_WARN_UNUSED_VARIABLE = YES;
				IPHONEOS_DEPLOYMENT_TARGET = 16.2;
				MTL_ENABLE_DEBUG_INFO = INCLUDE_SOURCE;
				MTL_FAST_MATH = YES;
				ONLY_ACTIVE_ARCH = YES;
				SDKROOT = iphoneos;
				SWIFT_ACTIVE_COMPILATION_CONDITIONS = DEBUG;
				SWIFT_OPTIMIZATION_LEVEL = "-Onone";
			};
			name = Debug;
		};
		99DA634C2AC6DC8E00757436 /* Release */ = {
			isa = XCBuildConfiguration;
			buildSettings = {
				ALWAYS_SEARCH_USER_PATHS = NO;
				CLANG_ANALYZER_NONNULL = YES;
				CLANG_ANALYZER_NUMBER_OBJECT_CONVERSION = YES_AGGRESSIVE;
				CLANG_CXX_LANGUAGE_STANDARD = "gnu++20";
				CLANG_ENABLE_MODULES = YES;
				CLANG_ENABLE_OBJC_ARC = YES;
				CLANG_ENABLE_OBJC_WEAK = YES;
				CLANG_WARN_BLOCK_CAPTURE_AUTORELEASING = YES;
				CLANG_WARN_BOOL_CONVERSION = YES;
				CLANG_WARN_COMMA = YES;
				CLANG_WARN_CONSTANT_CONVERSION = YES;
				CLANG_WARN_DEPRECATED_OBJC_IMPLEMENTATIONS = YES;
				CLANG_WARN_DIRECT_OBJC_ISA_USAGE = YES_ERROR;
				CLANG_WARN_DOCUMENTATION_COMMENTS = YES;
				CLANG_WARN_EMPTY_BODY = YES;
				CLANG_WARN_ENUM_CONVERSION = YES;
				CLANG_WARN_INFINITE_RECURSION = YES;
				CLANG_WARN_INT_CONVERSION = YES;
				CLANG_WARN_NON_LITERAL_NULL_CONVERSION = YES;
				CLANG_WARN_OBJC_IMPLICIT_RETAIN_SELF = YES;
				CLANG_WARN_OBJC_LITERAL_CONVERSION = YES;
				CLANG_WARN_OBJC_ROOT_CLASS = YES_ERROR;
				CLANG_WARN_QUOTED_INCLUDE_IN_FRAMEWORK_HEADER = YES;
				CLANG_WARN_RANGE_LOOP_ANALYSIS = YES;
				CLANG_WARN_STRICT_PROTOTYPES = YES;
				CLANG_WARN_SUSPICIOUS_MOVE = YES;
				CLANG_WARN_UNGUARDED_AVAILABILITY = YES_AGGRESSIVE;
				CLANG_WARN_UNREACHABLE_CODE = YES;
				CLANG_WARN__DUPLICATE_METHOD_MATCH = YES;
				COPY_PHASE_STRIP = NO;
				DEBUG_INFORMATION_FORMAT = "dwarf-with-dsym";
				ENABLE_NS_ASSERTIONS = NO;
				ENABLE_STRICT_OBJC_MSGSEND = YES;
				GCC_C_LANGUAGE_STANDARD = gnu11;
				GCC_NO_COMMON_BLOCKS = YES;
				GCC_WARN_64_TO_32_BIT_CONVERSION = YES;
				GCC_WARN_ABOUT_RETURN_TYPE = YES_ERROR;
				GCC_WARN_UNDECLARED_SELECTOR = YES;
				GCC_WARN_UNINITIALIZED_AUTOS = YES_AGGRESSIVE;
				GCC_WARN_UNUSED_FUNCTION = YES;
				GCC_WARN_UNUSED_VARIABLE = YES;
				IPHONEOS_DEPLOYMENT_TARGET = 16.2;
				MTL_ENABLE_DEBUG_INFO = NO;
				MTL_FAST_MATH = YES;
				SDKROOT = iphoneos;
				SWIFT_COMPILATION_MODE = wholemodule;
				SWIFT_OPTIMIZATION_LEVEL = "-O";
				VALIDATE_PRODUCT = YES;
			};
			name = Release;
		};
		99DA634E2AC6DC8E00757436 /* Debug */ = {
			isa = XCBuildConfiguration;
			buildSettings = {
				ASSETCATALOG_COMPILER_APPICON_NAME = AppIcon;
				ASSETCATALOG_COMPILER_GLOBAL_ACCENT_COLOR_NAME = AccentColor;
				CODE_SIGN_STYLE = Automatic;
				CURRENT_PROJECT_VERSION = 1;
				DEVELOPMENT_ASSET_PATHS = "\"celalTest1/Preview Content\"";
				ENABLE_PREVIEWS = YES;
				GENERATE_INFOPLIST_FILE = YES;
				INFOPLIST_KEY_UIApplicationSceneManifest_Generation = YES;
				INFOPLIST_KEY_UIApplicationSupportsIndirectInputEvents = YES;
				INFOPLIST_KEY_UILaunchScreen_Generation = YES;
				INFOPLIST_KEY_UISupportedInterfaceOrientations_iPad = "UIInterfaceOrientationPortrait UIInterfaceOrientationPortraitUpsideDown UIInterfaceOrientationLandscapeLeft UIInterfaceOrientationLandscapeRight";
				INFOPLIST_KEY_UISupportedInterfaceOrientations_iPhone = "UIInterfaceOrientationPortrait UIInterfaceOrientationLandscapeLeft UIInterfaceOrientationLandscapeRight";
				LD_RUNPATH_SEARCH_PATHS = (
					"$(inherited)",
					"@executable_path/Frameworks",
				);
				MARKETING_VERSION = 1.0;
				PRODUCT_BUNDLE_IDENTIFIER = celalTest.celalTest1;
				PRODUCT_NAME = "$(TARGET_NAME)";
				SWIFT_EMIT_LOC_STRINGS = YES;
				SWIFT_VERSION = 5.0;
				TARGETED_DEVICE_FAMILY = "1,2";
			};
			name = Debug;
		};
		99DA634F2AC6DC8E00757436 /* Release */ = {
			isa = XCBuildConfiguration;
			buildSettings = {
				ASSETCATALOG_COMPILER_APPICON_NAME = AppIcon;
				ASSETCATALOG_COMPILER_GLOBAL_ACCENT_COLOR_NAME = AccentColor;
				CODE_SIGN_STYLE = Automatic;
				CURRENT_PROJECT_VERSION = 1;
				DEVELOPMENT_ASSET_PATHS = "\"celalTest1/Preview Content\"";
				ENABLE_PREVIEWS = YES;
				GENERATE_INFOPLIST_FILE = YES;
				INFOPLIST_KEY_UIApplicationSceneManifest_Generation = YES;
				INFOPLIST_KEY_UIApplicationSupportsIndirectInputEvents = YES;
				INFOPLIST_KEY_UILaunchScreen_Generation = YES;
				INFOPLIST_KEY_UISupportedInterfaceOrientations_iPad = "UIInterfaceOrientationPortrait UIInterfaceOrientationPortraitUpsideDown UIInterfaceOrientationLandscapeLeft UIInterfaceOrientationLandscapeRight";
				INFOPLIST_KEY_UISupportedInterfaceOrientations_iPhone = "UIInterfaceOrientationPortrait UIInterfaceOrientationLandscapeLeft UIInterfaceOrientationLandscapeRight";
				LD_RUNPATH_SEARCH_PATHS = (
					"$(inherited)",
					"@executable_path/Frameworks",
				);
				MARKETING_VERSION = 1.0;
				PRODUCT_BUNDLE_IDENTIFIER = celalTest.celalTest1;
				PRODUCT_NAME = "$(TARGET_NAME)";
				SWIFT_EMIT_LOC_STRINGS = YES;
				SWIFT_VERSION = 5.0;
				TARGETED_DEVICE_FAMILY = "1,2";
			};
			name = Release;
		};
		99DA63512AC6DC8E00757436 /* Debug */ = {
			isa = XCBuildConfiguration;
			buildSettings = {
				ALWAYS_EMBED_SWIFT_STANDARD_LIBRARIES = YES;
				BUNDLE_LOADER = "$(TEST_HOST)";
				CODE_SIGN_STYLE = Automatic;
				CURRENT_PROJECT_VERSION = 1;
				GENERATE_INFOPLIST_FILE = YES;
				IPHONEOS_DEPLOYMENT_TARGET = 16.2;
				MARKETING_VERSION = 1.0;
				PRODUCT_BUNDLE_IDENTIFIER = celalTest.celalTest1Tests;
				PRODUCT_NAME = "$(TARGET_NAME)";
				SWIFT_EMIT_LOC_STRINGS = NO;
				SWIFT_VERSION = 5.0;
				TARGETED_DEVICE_FAMILY = "1,2";
				TEST_HOST = "$(BUILT_PRODUCTS_DIR)/celalTest1.app/$(BUNDLE_EXECUTABLE_FOLDER_PATH)/celalTest1";
			};
			name = Debug;
		};
		99DA63522AC6DC8E00757436 /* Release */ = {
			isa = XCBuildConfiguration;
			buildSettings = {
				ALWAYS_EMBED_SWIFT_STANDARD_LIBRARIES = YES;
				BUNDLE_LOADER = "$(TEST_HOST)";
				CODE_SIGN_STYLE = Automatic;
				CURRENT_PROJECT_VERSION = 1;
				GENERATE_INFOPLIST_FILE = YES;
				IPHONEOS_DEPLOYMENT_TARGET = 16.2;
				MARKETING_VERSION = 1.0;
				PRODUCT_BUNDLE_IDENTIFIER = celalTest.celalTest1Tests;
				PRODUCT_NAME = "$(TARGET_NAME)";
				SWIFT_EMIT_LOC_STRINGS = NO;
				SWIFT_VERSION = 5.0;
				TARGETED_DEVICE_FAMILY = "1,2";
				TEST_HOST = "$(BUILT_PRODUCTS_DIR)/celalTest1.app/$(BUNDLE_EXECUTABLE_FOLDER_PATH)/celalTest1";
			};
			name = Release;
		};
		99DA63542AC6DC8E00757436 /* Debug */ = {
			isa = XCBuildConfiguration;
			buildSettings = {
				ALWAYS_EMBED_SWIFT_STANDARD_LIBRARIES = YES;
				CODE_SIGN_STYLE = Automatic;
				CURRENT_PROJECT_VERSION = 1;
				GENERATE_INFOPLIST_FILE = YES;
				MARKETING_VERSION = 1.0;
				PRODUCT_BUNDLE_IDENTIFIER = celalTest.celalTest1UITests;
				PRODUCT_NAME = "$(TARGET_NAME)";
				SWIFT_EMIT_LOC_STRINGS = NO;
				SWIFT_VERSION = 5.0;
				TARGETED_DEVICE_FAMILY = "1,2";
				TEST_TARGET_NAME = celalTest1;
			};
			name = Debug;
		};
		99DA63552AC6DC8E00757436 /* Release */ = {
			isa = XCBuildConfiguration;
			buildSettings = {
				ALWAYS_EMBED_SWIFT_STANDARD_LIBRARIES = YES;
				CODE_SIGN_STYLE = Automatic;
				CURRENT_PROJECT_VERSION = 1;
				GENERATE_INFOPLIST_FILE = YES;
				MARKETING_VERSION = 1.0;
				PRODUCT_BUNDLE_IDENTIFIER = celalTest.celalTest1UITests;
				PRODUCT_NAME = "$(TARGET_NAME)";
				SWIFT_EMIT_LOC_STRINGS = NO;
				SWIFT_VERSION = 5.0;
				TARGETED_DEVICE_FAMILY = "1,2";
				TEST_TARGET_NAME = celalTest1;
			};
			name = Release;
		};
/* End XCBuildConfiguration section */

/* Begin XCConfigurationList section */
		99DA63242AC6DC8B00757436 /* Build configuration list for PBXProject "celalTest1" */ = {
			isa = XCConfigurationList;
			buildConfigurations = (
				99DA634B2AC6DC8E00757436 /* Debug */,
				99DA634C2AC6DC8E00757436 /* Release */,
			);
			defaultConfigurationIsVisible = 0;
			defaultConfigurationName = Release;
		};
		99DA634D2AC6DC8E00757436 /* Build configuration list for PBXNativeTarget "celalTest1" */ = {
			isa = XCConfigurationList;
			buildConfigurations = (
				99DA634E2AC6DC8E00757436 /* Debug */,
				99DA634F2AC6DC8E00757436 /* Release */,
			);
			defaultConfigurationIsVisible = 0;
			defaultConfigurationName = Release;
		};
		99DA63502AC6DC8E00757436 /* Build configuration list for PBXNativeTarget "celalTest1Tests" */ = {
			isa = XCConfigurationList;
			buildConfigurations = (
				99DA63512AC6DC8E00757436 /* Debug */,
				99DA63522AC6DC8E00757436 /* Release */,
			);
			defaultConfigurationIsVisible = 0;
			defaultConfigurationName = Release;
		};
		99DA63532AC6DC8E00757436 /* Build configuration list for PBXNativeTarget "celalTest1UITests" */ = {
			isa = XCConfigurationList;
			buildConfigurations = (
				99DA63542AC6DC8E00757436 /* Debug */,
				99DA63552AC6DC8E00757436 /* Release */,
			);
			defaultConfigurationIsVisible = 0;
			defaultConfigurationName = Release;
		};
/* End XCConfigurationList section */
	};
	rootObject = 99DA63212AC6DC8B00757436 /* Project object */;
}
